
Microsoft Visual Studio Solution File, Format Version 12.00
# Visual Studio 15
Project("{FAE04EC0-301F-11D3-BF4B-00C04F79EFBC}") = "Assembly-CSharp", "Assembly-CSharp.csproj", "{5196BA13-A3A9-EA86-2D10-4BE4B77A6FFF}"
EndProject
Global
	GlobalSection(SolutionConfigurationPlatforms) = preSolution
		Debug|Any CPU = Debug|Any CPU
		Release|Any CPU = Release|Any CPU
	EndGlobalSection
	GlobalSection(ProjectConfigurationPlatforms) = postSolution
		{5196BA13-A3A9-EA86-2D10-4BE4B77A6FFF}.Debug|Any CPU.ActiveCfg = Debug|Any CPU
		{5196BA13-A3A9-EA86-2D10-4BE4B77A6FFF}.Debug|Any CPU.Build.0 = Debug|Any CPU
		{5196BA13-A3A9-EA86-2D10-4BE4B77A6FFF}.Release|Any CPU.ActiveCfg = Release|Any CPU
		{5196BA13-A3A9-EA86-2D10-4BE4B77A6FFF}.Release|Any CPU.Build.0 = Release|Any CPU
	EndGlobalSection
	GlobalSection(SolutionProperties) = preSolution
		HideSolutionNode = FALSE
	EndGlobalSection
EndGlobal
